
Microsoft Visual Studio Solution File, Format Version 12.00
# Visual Studio Version 17
VisualStudioVersion = 17.8.34525.116
MinimumVisualStudioVersion = 10.0.40219.1
Project("{9A19103F-16F7-4668-BE54-9A1E7A4F7556}") = "NoPet", "NoPet.csproj", "{C9D313F8-0709-4FE6-AA0A-1C587FF8125D}"
EndProject
Global
	GlobalSection(SolutionConfigurationPlatforms) = preSolution
		Debug|Any CPU = Debug|Any CPU
		Release|Any CPU = Release|Any CPU
	EndGlobalSection
	GlobalSection(ProjectConfigurationPlatforms) = postSolution
		{C9D313F8-0709-4FE6-AA0A-1C587FF8125D}.Debug|Any CPU.ActiveCfg = Debug|Any CPU
		{C9D313F8-0709-4FE6-AA0A-1C587FF8125D}.Debug|Any CPU.Build.0 = Debug|Any CPU
		{C9D313F8-0709-4FE6-AA0A-1C587FF8125D}.Release|Any CPU.ActiveCfg = Release|Any CPU
		{C9D313F8-0709-4FE6-AA0A-1C587FF8125D}.Release|Any CPU.Build.0 = Release|Any CPU
	EndGlobalSection
	GlobalSection(SolutionProperties) = preSolution
		HideSolutionNode = FALSE
	EndGlobalSection
	GlobalSection(ExtensibilityGlobals) = postSolution
		SolutionGuid = {887AD7ED-3F51-455F-AD14-30BEDFA1D373}
	EndGlobalSection
EndGlobal
